// !$*UTF8*$!
{
	archiveVersion = 1;
	classes = {
	};
	objectVersion = 50;
	objects = {

/* Begin PBXBuildFile section */
		28BC2F6226378D6E0099E16D /* AppDelegate.swift in Sources */ = {isa = PBXBuildFile; fileRef = 28BC2F6126378D6E0099E16D /* AppDelegate.swift */; };
		28BC2F6426378D6E0099E16D /* SceneDelegate.swift in Sources */ = {isa = PBXBuildFile; fileRef = 28BC2F6326378D6E0099E16D /* SceneDelegate.swift */; };
		28BC2F6626378D6E0099E16D /* ViewController.swift in Sources */ = {isa = PBXBuildFile; fileRef = 28BC2F6526378D6E0099E16D /* ViewController.swift */; };
		28BC2F6926378D6E0099E16D /* Main.storyboard in Resources */ = {isa = PBXBuildFile; fileRef = 28BC2F6726378D6E0099E16D /* Main.storyboard */; };
		28BC2F6B26378D6F0099E16D /* Assets.xcassets in Resources */ = {isa = PBXBuildFile; fileRef = 28BC2F6A26378D6F0099E16D /* Assets.xcassets */; };
		28BC2F6E26378D6F0099E16D /* LaunchScreen.storyboard in Resources */ = {isa = PBXBuildFile; fileRef = 28BC2F6C26378D6F0099E16D /* LaunchScreen.storyboard */; };
		28BC2F77263790EB0099E16D /* PR1.swift in Sources */ = {isa = PBXBuildFile; fileRef = 28BC2F76263790EB0099E16D /* PR1.swift */; };
		28BC2F7B263791070099E16D /* PR2.swift in Sources */ = {isa = PBXBuildFile; fileRef = 28BC2F7A263791070099E16D /* PR2.swift */; };
		28BC2F802637928F0099E16D /* PR3.swift in Sources */ = {isa = PBXBuildFile; fileRef = 28BC2F7F2637928F0099E16D /* PR3.swift */; };
		28BC2F83263792A20099E16D /* PR4.swift in Sources */ = {isa = PBXBuildFile; fileRef = 28BC2F82263792A20099E16D /* PR4.swift */; };
		28BC2F9626379BB90099E16D /* PR5.swift in Sources */ = {isa = PBXBuildFile; fileRef = 28BC2F9526379BB90099E16D /* PR5.swift */; };
		28BC2FA22637A5160099E16D /* P6.swift in Sources */ = {isa = PBXBuildFile; fileRef = 28BC2FA12637A5160099E16D /* P6.swift */; };
/* End PBXBuildFile section */

/* Begin PBXFileReference section */
		28BC2F5E26378D6E0099E16D /* TestGithubMerge.app */ = {isa = PBXFileReference; explicitFileType = wrapper.application; includeInIndex = 0; path = TestGithubMerge.app; sourceTree = BUILT_PRODUCTS_DIR; };
		28BC2F6126378D6E0099E16D /* AppDelegate.swift */ = {isa = PBXFileReference; lastKnownFileType = sourcecode.swift; path = AppDelegate.swift; sourceTree = "<group>"; };
		28BC2F6326378D6E0099E16D /* SceneDelegate.swift */ = {isa = PBXFileReference; lastKnownFileType = sourcecode.swift; path = SceneDelegate.swift; sourceTree = "<group>"; };
		28BC2F6526378D6E0099E16D /* ViewController.swift */ = {isa = PBXFileReference; lastKnownFileType = sourcecode.swift; path = ViewController.swift; sourceTree = "<group>"; };
		28BC2F6826378D6E0099E16D /* Base */ = {isa = PBXFileReference; lastKnownFileType = file.storyboard; name = Base; path = Base.lproj/Main.storyboard; sourceTree = "<group>"; };
		28BC2F6A26378D6F0099E16D /* Assets.xcassets */ = {isa = PBXFileReference; lastKnownFileType = folder.assetcatalog; path = Assets.xcassets; sourceTree = "<group>"; };
		28BC2F6D26378D6F0099E16D /* Base */ = {isa = PBXFileReference; lastKnownFileType = file.storyboard; name = Base; path = Base.lproj/LaunchScreen.storyboard; sourceTree = "<group>"; };
		28BC2F6F26378D6F0099E16D /* Info.plist */ = {isa = PBXFileReference; lastKnownFileType = text.plist.xml; path = Info.plist; sourceTree = "<group>"; };
		28BC2F76263790EB0099E16D /* PR1.swift */ = {isa = PBXFileReference; lastKnownFileType = sourcecode.swift; path = PR1.swift; sourceTree = "<group>"; };
		28BC2F7A263791070099E16D /* PR2.swift */ = {isa = PBXFileReference; lastKnownFileType = sourcecode.swift; path = PR2.swift; sourceTree = "<group>"; };
		28BC2F7F2637928F0099E16D /* PR3.swift */ = {isa = PBXFileReference; lastKnownFileType = sourcecode.swift; path = PR3.swift; sourceTree = "<group>"; };
		28BC2F82263792A20099E16D /* PR4.swift */ = {isa = PBXFileReference; lastKnownFileType = sourcecode.swift; path = PR4.swift; sourceTree = "<group>"; };
		28BC2F9526379BB90099E16D /* PR5.swift */ = {isa = PBXFileReference; lastKnownFileType = sourcecode.swift; path = PR5.swift; sourceTree = "<group>"; };
		28BC2FA12637A5160099E16D /* P6.swift */ = {isa = PBXFileReference; lastKnownFileType = sourcecode.swift; path = P6.swift; sourceTree = "<group>"; };
/* End PBXFileReference section */

/* Begin PBXFrameworksBuildPhase section */
		28BC2F5B26378D6E0099E16D /* Frameworks */ = {
			isa = PBXFrameworksBuildPhase;
			buildActionMask = 2147483647;
			files = (
			);
			runOnlyForDeploymentPostprocessing = 0;
		};
/* End PBXFrameworksBuildPhase section */

/* Begin PBXGroup section */
		28BC2F5526378D6E0099E16D = {
			isa = PBXGroup;
			children = (
				28BC2FA12637A5160099E16D /* P6.swift */,
				28BC2F9526379BB90099E16D /* PR5.swift */,
				28BC2F7F2637928F0099E16D /* PR3.swift */,
				28BC2F82263792A20099E16D /* PR4.swift */,
				28BC2F76263790EB0099E16D /* PR1.swift */,
				28BC2F7A263791070099E16D /* PR2.swift */,
				28BC2F6026378D6E0099E16D /* TestGithubMerge */,
				28BC2F5F26378D6E0099E16D /* Products */,
			);
			sourceTree = "<group>";
		};
		28BC2F5F26378D6E0099E16D /* Products */ = {
			isa = PBXGroup;
			children = (
				28BC2F5E26378D6E0099E16D /* TestGithubMerge.app */,
			);
			name = Products;
			sourceTree = "<group>";
		};
		28BC2F6026378D6E0099E16D /* TestGithubMerge */ = {
			isa = PBXGroup;
			children = (
				28BC2F6126378D6E0099E16D /* AppDelegate.swift */,
				28BC2F6326378D6E0099E16D /* SceneDelegate.swift */,
				28BC2F6526378D6E0099E16D /* ViewController.swift */,
				28BC2F6726378D6E0099E16D /* Main.storyboard */,
				28BC2F6A26378D6F0099E16D /* Assets.xcassets */,
				28BC2F6C26378D6F0099E16D /* LaunchScreen.storyboard */,
				28BC2F6F26378D6F0099E16D /* Info.plist */,
			);
			path = TestGithubMerge;
			sourceTree = "<group>";
		};
/* End PBXGroup section */

/* Begin PBXNativeTarget section */
		28BC2F5D26378D6E0099E16D /* TestGithubMerge */ = {
			isa = PBXNativeTarget;
			buildConfigurationList = 28BC2F7226378D6F0099E16D /* Build configuration list for PBXNativeTarget "TestGithubMerge" */;
			buildPhases = (
				28BC2F5A26378D6E0099E16D /* Sources */,
				28BC2F5B26378D6E0099E16D /* Frameworks */,
				28BC2F5C26378D6E0099E16D /* Resources */,
			);
			buildRules = (
			);
			dependencies = (
			);
			name = TestGithubMerge;
			productName = TestGithubMerge;
			productReference = 28BC2F5E26378D6E0099E16D /* TestGithubMerge.app */;
			productType = "com.apple.product-type.application";
		};
/* End PBXNativeTarget section */

/* Begin PBXProject section */
		28BC2F5626378D6E0099E16D /* Project object */ = {
			isa = PBXProject;
			attributes = {
				LastSwiftUpdateCheck = 1230;
				LastUpgradeCheck = 1230;
				TargetAttributes = {
					28BC2F5D26378D6E0099E16D = {
						CreatedOnToolsVersion = 12.3;
					};
				};
			};
			buildConfigurationList = 28BC2F5926378D6E0099E16D /* Build configuration list for PBXProject "TestGithubMerge" */;
			compatibilityVersion = "Xcode 9.3";
			developmentRegion = en;
			hasScannedForEncodings = 0;
			knownRegions = (
				en,
				Base,
			);
			mainGroup = 28BC2F5526378D6E0099E16D;
			productRefGroup = 28BC2F5F26378D6E0099E16D /* Products */;
			projectDirPath = "";
			projectRoot = "";
			targets = (
				28BC2F5D26378D6E0099E16D /* TestGithubMerge */,
			);
		};
/* End PBXProject section */

/* Begin PBXResourcesBuildPhase section */
		28BC2F5C26378D6E0099E16D /* Resources */ = {
			isa = PBXResourcesBuildPhase;
			buildActionMask = 2147483647;
			files = (
				28BC2F6E26378D6F0099E16D /* LaunchScreen.storyboard in Resources */,
				28BC2F6B26378D6F0099E16D /* Assets.xcassets in Resources */,
				28BC2F6926378D6E0099E16D /* Main.storyboard in Resources */,
			);
			runOnlyForDeploymentPostprocessing = 0;
		};
/* End PBXResourcesBuildPhase section */

/* Begin PBXSourcesBuildPhase section */
		28BC2F5A26378D6E0099E16D /* Sources */ = {
			isa = PBXSourcesBuildPhase;
			buildActionMask = 2147483647;
			files = (
				28BC2F7B263791070099E16D /* PR2.swift in Sources */,
				28BC2F802637928F0099E16D /* PR3.swift in Sources */,
				28BC2FA22637A5160099E16D /* P6.swift in Sources */,
				28BC2F6626378D6E0099E16D /* ViewController.swift in Sources */,
				28BC2F9626379BB90099E16D /* PR5.swift in Sources */,
				28BC2F6226378D6E0099E16D /* AppDelegate.swift in Sources */,
				28BC2F6426378D6E0099E16D /* SceneDelegate.swift in Sources */,
				28BC2F83263792A20099E16D /* PR4.swift in Sources */,
				28BC2F77263790EB0099E16D /* PR1.swift in Sources */,
			);
			runOnlyForDeploymentPostprocessing = 0;
		};
/* End PBXSourcesBuildPhase section */

/* Begin PBXVariantGroup section */
		28BC2F6726378D6E0099E16D /* Main.storyboard */ = {
			isa = PBXVariantGroup;
			children = (
				28BC2F6826378D6E0099E16D /* Base */,
			);
			name = Main.storyboard;
			sourceTree = "<group>";
		};
		28BC2F6C26378D6F0099E16D /* LaunchScreen.storyboard */ = {
			isa = PBXVariantGroup;
			children = (
				28BC2F6D26378D6F0099E16D /* Base */,
			);
			name = LaunchScreen.storyboard;
			sourceTree = "<group>";
		};
/* End PBXVariantGroup section */

/* Begin XCBuildConfiguration section */
		28BC2F7026378D6F0099E16D /* Debug */ = {
			isa = XCBuildConfiguration;
			buildSettings = {
				ALWAYS_SEARCH_USER_PATHS = NO;
				CLANG_ANALYZER_NONNULL = YES;
				CLANG_ANALYZER_NUMBER_OBJECT_CONVERSION = YES_AGGRESSIVE;
				CLANG_CXX_LANGUAGE_STANDARD = "gnu++14";
				CLANG_CXX_LIBRARY = "libc++";
				CLANG_ENABLE_MODULES = YES;
				CLANG_ENABLE_OBJC_ARC = YES;
				CLANG_ENABLE_OBJC_WEAK = YES;
				CLANG_WARN_BLOCK_CAPTURE_AUTORELEASING = YES;
				CLANG_WARN_BOOL_CONVERSION = YES;
				CLANG_WARN_COMMA = YES;
				CLANG_WARN_CONSTANT_CONVERSION = YES;
				CLANG_WARN_DEPRECATED_OBJC_IMPLEMENTATIONS = YES;
				CLANG_WARN_DIRECT_OBJC_ISA_USAGE = YES_ERROR;
				CLANG_WARN_DOCUMENTATION_COMMENTS = YES;
				CLANG_WARN_EMPTY_BODY = YES;
				CLANG_WARN_ENUM_CONVERSION = YES;
				CLANG_WARN_INFINITE_RECURSION = YES;
				CLANG_WARN_INT_CONVERSION = YES;
				CLANG_WARN_NON_LITERAL_NULL_CONVERSION = YES;
				CLANG_WARN_OBJC_IMPLICIT_RETAIN_SELF = YES;
				CLANG_WARN_OBJC_LITERAL_CONVERSION = YES;
				CLANG_WARN_OBJC_ROOT_CLASS = YES_ERROR;
				CLANG_WARN_QUOTED_INCLUDE_IN_FRAMEWORK_HEADER = YES;
				CLANG_WARN_RANGE_LOOP_ANALYSIS = YES;
				CLANG_WARN_STRICT_PROTOTYPES = YES;
				CLANG_WARN_SUSPICIOUS_MOVE = YES;
				CLANG_WARN_UNGUARDED_AVAILABILITY = YES_AGGRESSIVE;
				CLANG_WARN_UNREACHABLE_CODE = YES;
				CLANG_WARN__DUPLICATE_METHOD_MATCH = YES;
				COPY_PHASE_STRIP = NO;
				DEBUG_INFORMATION_FORMAT = dwarf;
				ENABLE_STRICT_OBJC_MSGSEND = YES;
				ENABLE_TESTABILITY = YES;
				GCC_C_LANGUAGE_STANDARD = gnu11;
				GCC_DYNAMIC_NO_PIC = NO;
				GCC_NO_COMMON_BLOCKS = YES;
				GCC_OPTIMIZATION_LEVEL = 0;
				GCC_PREPROCESSOR_DEFINITIONS = (
					"DEBUG=1",
					"$(inherited)",
				);
				GCC_WARN_64_TO_32_BIT_CONVERSION = YES;
				GCC_WARN_ABOUT_RETURN_TYPE = YES_ERROR;
				GCC_WARN_UNDECLARED_SELECTOR = YES;
				GCC_WARN_UNINITIALIZED_AUTOS = YES_AGGRESSIVE;
				GCC_WARN_UNUSED_FUNCTION = YES;
				GCC_WARN_UNUSED_VARIABLE = YES;
				IPHONEOS_DEPLOYMENT_TARGET = 14.3;
				MTL_ENABLE_DEBUG_INFO = INCLUDE_SOURCE;
				MTL_FAST_MATH = YES;
				ONLY_ACTIVE_ARCH = YES;
				SDKROOT = iphoneos;
				SWIFT_ACTIVE_COMPILATION_CONDITIONS = DEBUG;
				SWIFT_OPTIMIZATION_LEVEL = "-Onone";
			};
			name = Debug;
		};
		28BC2F7126378D6F0099E16D /* Release */ = {
			isa = XCBuildConfiguration;
			buildSettings = {
				ALWAYS_SEARCH_USER_PATHS = NO;
				CLANG_ANALYZER_NONNULL = YES;
				CLANG_ANALYZER_NUMBER_OBJECT_CONVERSION = YES_AGGRESSIVE;
				CLANG_CXX_LANGUAGE_STANDARD = "gnu++14";
				CLANG_CXX_LIBRARY = "libc++";
				CLANG_ENABLE_MODULES = YES;
				CLANG_ENABLE_OBJC_ARC = YES;
				CLANG_ENABLE_OBJC_WEAK = YES;
				CLANG_WARN_BLOCK_CAPTURE_AUTORELEASING = YES;
				CLANG_WARN_BOOL_CONVERSION = YES;
				CLANG_WARN_COMMA = YES;
				CLANG_WARN_CONSTANT_CONVERSION = YES;
				CLANG_WARN_DEPRECATED_OBJC_IMPLEMENTATIONS = YES;
				CLANG_WARN_DIRECT_OBJC_ISA_USAGE = YES_ERROR;
				CLANG_WARN_DOCUMENTATION_COMMENTS = YES;
				CLANG_WARN_EMPTY_BODY = YES;
				CLANG_WARN_ENUM_CONVERSION = YES;
				CLANG_WARN_INFINITE_RECURSION = YES;
				CLANG_WARN_INT_CONVERSION = YES;
				CLANG_WARN_NON_LITERAL_NULL_CONVERSION = YES;
				CLANG_WARN_OBJC_IMPLICIT_RETAIN_SELF = YES;
				CLANG_WARN_OBJC_LITERAL_CONVERSION = YES;
				CLANG_WARN_OBJC_ROOT_CLASS = YES_ERROR;
				CLANG_WARN_QUOTED_INCLUDE_IN_FRAMEWORK_HEADER = YES;
				CLANG_WARN_RANGE_LOOP_ANALYSIS = YES;
				CLANG_WARN_STRICT_PROTOTYPES = YES;
				CLANG_WARN_SUSPICIOUS_MOVE = YES;
				CLANG_WARN_UNGUARDED_AVAILABILITY = YES_AGGRESSIVE;
				CLANG_WARN_UNREACHABLE_CODE = YES;
				CLANG_WARN__DUPLICATE_METHOD_MATCH = YES;
				COPY_PHASE_STRIP = NO;
				DEBUG_INFORMATION_FORMAT = "dwarf-with-dsym";
				ENABLE_NS_ASSERTIONS = NO;
				ENABLE_STRICT_OBJC_MSGSEND = YES;
				GCC_C_LANGUAGE_STANDARD = gnu11;
				GCC_NO_COMMON_BLOCKS = YES;
				GCC_WARN_64_TO_32_BIT_CONVERSION = YES;
				GCC_WARN_ABOUT_RETURN_TYPE = YES_ERROR;
				GCC_WARN_UNDECLARED_SELECTOR = YES;
				GCC_WARN_UNINITIALIZED_AUTOS = YES_AGGRESSIVE;
				GCC_WARN_UNUSED_FUNCTION = YES;
				GCC_WARN_UNUSED_VARIABLE = YES;
				IPHONEOS_DEPLOYMENT_TARGET = 14.3;
				MTL_ENABLE_DEBUG_INFO = NO;
				MTL_FAST_MATH = YES;
				SDKROOT = iphoneos;
				SWIFT_COMPILATION_MODE = wholemodule;
				SWIFT_OPTIMIZATION_LEVEL = "-O";
				VALIDATE_PRODUCT = YES;
			};
			name = Release;
		};
		28BC2F7326378D6F0099E16D /* Debug */ = {
			isa = XCBuildConfiguration;
			buildSettings = {
				ASSETCATALOG_COMPILER_APPICON_NAME = AppIcon;
				ASSETCATALOG_COMPILER_GLOBAL_ACCENT_COLOR_NAME = AccentColor;
				CODE_SIGN_STYLE = Automatic;
				INFOPLIST_FILE = TestGithubMerge/Info.plist;
				LD_RUNPATH_SEARCH_PATHS = (
					"$(inherited)",
					"@executable_path/Frameworks",
				);
				PRODUCT_BUNDLE_IDENTIFIER = com.aasatt.TestGithubMerge;
				PRODUCT_NAME = "$(TARGET_NAME)";
				SWIFT_VERSION = 5.0;
				TARGETED_DEVICE_FAMILY = "1,2";
			};
			name = Debug;
		};
		28BC2F7426378D6F0099E16D /* Release */ = {
			isa = XCBuildConfiguration;
			buildSettings = {
				ASSETCATALOG_COMPILER_APPICON_NAME = AppIcon;
				ASSETCATALOG_COMPILER_GLOBAL_ACCENT_COLOR_NAME = AccentColor;
				CODE_SIGN_STYLE = Automatic;
				INFOPLIST_FILE = TestGithubMerge/Info.plist;
				LD_RUNPATH_SEARCH_PATHS = (
					"$(inherited)",
					"@executable_path/Frameworks",
				);
				PRODUCT_BUNDLE_IDENTIFIER = com.aasatt.TestGithubMerge;
				PRODUCT_NAME = "$(TARGET_NAME)";
				SWIFT_VERSION = 5.0;
				TARGETED_DEVICE_FAMILY = "1,2";
			};
			name = Release;
		};
/* End XCBuildConfiguration section */

/* Begin XCConfigurationList section */
		28BC2F5926378D6E0099E16D /* Build configuration list for PBXProject "TestGithubMerge" */ = {
			isa = XCConfigurationList;
			buildConfigurations = (
				28BC2F7026378D6F0099E16D /* Debug */,
				28BC2F7126378D6F0099E16D /* Release */,
			);
			defaultConfigurationIsVisible = 0;
			defaultConfigurationName = Release;
		};
		28BC2F7226378D6F0099E16D /* Build configuration list for PBXNativeTarget "TestGithubMerge" */ = {
			isa = XCConfigurationList;
			buildConfigurations = (
				28BC2F7326378D6F0099E16D /* Debug */,
				28BC2F7426378D6F0099E16D /* Release */,
			);
			defaultConfigurationIsVisible = 0;
			defaultConfigurationName = Release;
		};
/* End XCConfigurationList section */
	};
	rootObject = 28BC2F5626378D6E0099E16D /* Project object */;
}
